
Microsoft Visual Studio Solution File, Format Version 12.00
# Visual Studio Version 16
VisualStudioVersion = 16.0.32002.261
MinimumVisualStudioVersion = 10.0.40219.1
Project("{9A19103F-16F7-4668-BE54-9A1E7A4F7556}") = "ActivitySignup", "ActivitySignup\ActivitySignup.csproj", "{250BF7AA-7034-4DF9-8A88-0A4F6A36C8E4}"
EndProject
Project("{9A19103F-16F7-4668-BE54-9A1E7A4F7556}") = "ActivitySignupTest", "ActivitySignupTest\ActivitySignupTest.csproj", "{1AEAB8E7-4B89-4AED-90AF-1D0ADFD82554}"
EndProject
Global
	GlobalSection(SolutionConfigurationPlatforms) = preSolution
		Debug|Any CPU = Debug|Any CPU
		Release|Any CPU = Release|Any CPU
	EndGlobalSection
	GlobalSection(ProjectConfigurationPlatforms) = postSolution
		{250BF7AA-7034-4DF9-8A88-0A4F6A36C8E4}.Debug|Any CPU.ActiveCfg = Debug|Any CPU
		{250BF7AA-7034-4DF9-8A88-0A4F6A36C8E4}.Debug|Any CPU.Build.0 = Debug|Any CPU
		{250BF7AA-7034-4DF9-8A88-0A4F6A36C8E4}.Release|Any CPU.ActiveCfg = Release|Any CPU
		{250BF7AA-7034-4DF9-8A88-0A4F6A36C8E4}.Release|Any CPU.Build.0 = Release|Any CPU
		{1AEAB8E7-4B89-4AED-90AF-1D0ADFD82554}.Debug|Any CPU.ActiveCfg = Debug|Any CPU
		{1AEAB8E7-4B89-4AED-90AF-1D0ADFD82554}.Debug|Any CPU.Build.0 = Debug|Any CPU
		{1AEAB8E7-4B89-4AED-90AF-1D0ADFD82554}.Release|Any CPU.ActiveCfg = Release|Any CPU
		{1AEAB8E7-4B89-4AED-90AF-1D0ADFD82554}.Release|Any CPU.Build.0 = Release|Any CPU
	EndGlobalSection
	GlobalSection(SolutionProperties) = preSolution
		HideSolutionNode = FALSE
	EndGlobalSection
	GlobalSection(ExtensibilityGlobals) = postSolution
		SolutionGuid = {8CA1905E-94BE-48B5-817C-3B4EE1E06051}
	EndGlobalSection
EndGlobal
